
Microsoft Visual Studio Solution File, Format Version 12.00
# Visual Studio 15
Project("{FAE04EC0-301F-11D3-BF4B-00C04F79EFBC}") = "Assembly-CSharp", "Assembly-CSharp.csproj", "{F603D766-19FA-D4F1-32D5-3C9F7E45E859}"
EndProject
Project("{FAE04EC0-301F-11D3-BF4B-00C04F79EFBC}") = "Oculus.VR", "Oculus.VR.csproj", "{30A3692A-A5E7-4001-9C34-07AF30500092}"
EndProject
Project("{FAE04EC0-301F-11D3-BF4B-00C04F79EFBC}") = "Assembly-CSharp-firstpass", "Assembly-CSharp-firstpass.csproj", "{CB464FE0-7D1F-A64A-C5F5-506246F20260}"
EndProject
Project("{FAE04EC0-301F-11D3-BF4B-00C04F79EFBC}") = "Assembly-CSharp-Editor-firstpass", "Assembly-CSharp-Editor-firstpass.csproj", "{AE09B938-C667-DBBF-00C0-7FE6A41FDF38}"
EndProject
Project("{FAE04EC0-301F-11D3-BF4B-00C04F79EFBC}") = "Assembly-CSharp-Editor", "Assembly-CSharp-Editor.csproj", "{50C5029D-903A-C383-2C62-6F232DF3AE86}"
EndProject
Project("{FAE04EC0-301F-11D3-BF4B-00C04F79EFBC}") = "Oculus.VR.Scripts.Editor", "Oculus.VR.Scripts.Editor.csproj", "{23D4B63E-D9E1-430B-8161-61C8F5AF577E}"
EndProject
Project("{FAE04EC0-301F-11D3-BF4B-00C04F79EFBC}") = "Oculus.VR.Editor", "Oculus.VR.Editor.csproj", "{A58DC7B4-15DF-88FA-7C11-23774357AA95}"
EndProject
Global
	GlobalSection(SolutionConfigurationPlatforms) = preSolution
		Debug|Any CPU = Debug|Any CPU
		Release|Any CPU = Release|Any CPU
	EndGlobalSection
	GlobalSection(ProjectConfigurationPlatforms) = postSolution
		{F603D766-19FA-D4F1-32D5-3C9F7E45E859}.Debug|Any CPU.ActiveCfg = Debug|Any CPU
		{F603D766-19FA-D4F1-32D5-3C9F7E45E859}.Debug|Any CPU.Build.0 = Debug|Any CPU
		{F603D766-19FA-D4F1-32D5-3C9F7E45E859}.Release|Any CPU.ActiveCfg = Release|Any CPU
		{F603D766-19FA-D4F1-32D5-3C9F7E45E859}.Release|Any CPU.Build.0 = Release|Any CPU
		{30A3692A-A5E7-4001-9C34-07AF30500092}.Debug|Any CPU.ActiveCfg = Debug|Any CPU
		{30A3692A-A5E7-4001-9C34-07AF30500092}.Debug|Any CPU.Build.0 = Debug|Any CPU
		{30A3692A-A5E7-4001-9C34-07AF30500092}.Release|Any CPU.ActiveCfg = Release|Any CPU
		{30A3692A-A5E7-4001-9C34-07AF30500092}.Release|Any CPU.Build.0 = Release|Any CPU
		{CB464FE0-7D1F-A64A-C5F5-506246F20260}.Debug|Any CPU.ActiveCfg = Debug|Any CPU
		{CB464FE0-7D1F-A64A-C5F5-506246F20260}.Debug|Any CPU.Build.0 = Debug|Any CPU
		{CB464FE0-7D1F-A64A-C5F5-506246F20260}.Release|Any CPU.ActiveCfg = Release|Any CPU
		{CB464FE0-7D1F-A64A-C5F5-506246F20260}.Release|Any CPU.Build.0 = Release|Any CPU
		{AE09B938-C667-DBBF-00C0-7FE6A41FDF38}.Debug|Any CPU.ActiveCfg = Debug|Any CPU
		{AE09B938-C667-DBBF-00C0-7FE6A41FDF38}.Debug|Any CPU.Build.0 = Debug|Any CPU
		{AE09B938-C667-DBBF-00C0-7FE6A41FDF38}.Release|Any CPU.ActiveCfg = Release|Any CPU
		{AE09B938-C667-DBBF-00C0-7FE6A41FDF38}.Release|Any CPU.Build.0 = Release|Any CPU
		{50C5029D-903A-C383-2C62-6F232DF3AE86}.Debug|Any CPU.ActiveCfg = Debug|Any CPU
		{50C5029D-903A-C383-2C62-6F232DF3AE86}.Debug|Any CPU.Build.0 = Debug|Any CPU
		{50C5029D-903A-C383-2C62-6F232DF3AE86}.Release|Any CPU.ActiveCfg = Release|Any CPU
		{50C5029D-903A-C383-2C62-6F232DF3AE86}.Release|Any CPU.Build.0 = Release|Any CPU
		{23D4B63E-D9E1-430B-8161-61C8F5AF577E}.Debug|Any CPU.ActiveCfg = Debug|Any CPU
		{23D4B63E-D9E1-430B-8161-61C8F5AF577E}.Debug|Any CPU.Build.0 = Debug|Any CPU
		{23D4B63E-D9E1-430B-8161-61C8F5AF577E}.Release|Any CPU.ActiveCfg = Release|Any CPU
		{23D4B63E-D9E1-430B-8161-61C8F5AF577E}.Release|Any CPU.Build.0 = Release|Any CPU
		{A58DC7B4-15DF-88FA-7C11-23774357AA95}.Debug|Any CPU.ActiveCfg = Debug|Any CPU
		{A58DC7B4-15DF-88FA-7C11-23774357AA95}.Debug|Any CPU.Build.0 = Debug|Any CPU
		{A58DC7B4-15DF-88FA-7C11-23774357AA95}.Release|Any CPU.ActiveCfg = Release|Any CPU
		{A58DC7B4-15DF-88FA-7C11-23774357AA95}.Release|Any CPU.Build.0 = Release|Any CPU
	EndGlobalSection
	GlobalSection(SolutionProperties) = preSolution
		HideSolutionNode = FALSE
	EndGlobalSection
EndGlobal
